[{<<"pmod_transform">>,
  {git,"git://github.com/erlang/pmod_transform.git",
       {ref,"7c6fe6193b7b11c874877246bcb612414fbd1359"}},
  1},
 {<<"meck">>,
  {git,"https://github.com/eproxus/meck.git",
       {ref,"fc362e037f424250130bca32d6bf701f2f49dc75"}},
  1},
 {<<"goldrush">>,
  {git,"git://github.com/DeadZen/goldrush.git",
       {ref,"64864ba7fcf40988361340e48680b49a2c2938cf"}},
  1},
 {<<"sync">>,
  {git,"git://github.com/rustyio/sync",
       {ref,"a8366be73244383c07f9cafe30b72e83f3ad0621"}},
  0},
 {<<"simple_bridge">>,
  {git,"ssh://git@github.com/SovereignPrime/simple_bridge",
       {ref,"71ca76aa415b42495cb93a051389905d64eb2931"}},
  0},
 {<<"sigma_search">>,
  {git,"ssh://git@github.com/SovereignPrime/sigma_search.git",
       {ref,"9a7d198f9af27e6f3590f5092d067ed5a4553f58"}},
  0},
 {<<"ranch">>,
  {git,"git://github.com/extend/ranch",
       {ref,"41705752ffc7e3ecb96eef8374015ead4ca7f699"}},
  0},
 {<<"nprocreg">>,
  {git,"git://github.com/nitrogen/nprocreg",
       {ref,"d022d52f4faa946d4092b2bca1a3de62b494c0fd"}},
  0},
 {<<"nitrogen_core">>,
  {git,"ssh://git@github.com/SovereignPrime/nitrogen_core",
       {ref,"31757097d7c72af71161879d2420da99497e820d"}},
  0},
 {<<"mochijson2">>,
  {git,"git://github.com/bjnortier/mochijson2.git",
       {ref,"3663fb01fd98958181adc2d1300c7bfa553e1434"}},
  0},
 {<<"mimetypes">>,
  {git,"git://github.com/spawngrid/mimetypes",
       {ref,"47d37a977a7d633199822bf6b08353007483d00f"}},
  0},
 {<<"lager">>,
  {git,"git://github.com/basho/lager.git",
       {ref,"cbf6679c6a693772fd1629c9cdc093e4c6c4ebf8"}},
  0},
 {<<"cowboy">>,
  {git,"git://github.com/extend/cowboy",
       {ref,"9eaee45c090b9cb170554bc7e09d679bc0598716"}},
  0},
 {<<"bitmessage">>,
  {git,"ssh://git@github.com/SovereignPrime/BitMessage.erl.git",
       {ref,"795cd7c70bf8ee9457bab06590c69b557974ac0c"}},
  0}].
