[{<<"cowboy">>,
  {git,"git://github.com/extend/cowboy",
       {ref,"3d9078018d7f0a83a359b70c698d35e35fbb94f9"}},
  0},
 {<<"cowlib">>,
  {git,"git://github.com/ninenines/cowlib.git",
       {ref,"d544a494af4dbc810fc9c15eaf5cc050cced1501"}},
  1},
 {<<"goldrush">>,
  {git,"git://github.com/DeadZen/goldrush.git",
       {ref,"64864ba7fcf40988361340e48680b49a2c2938cf"}},
  1},
 {<<"hottub">>,
  {git,"https://github.com/bfrog/hottub.git",
       {ref,"dcf9d0bfdadb94e535b3964c513d673c2fc2ac2d"}},
  1},
 {<<"lager">>,
  {git,"git://github.com/basho/lager.git",
       {ref,"363ca0a8573c2c556d83d7679033bc8b31ef25e6"}},
  0},
 {<<"mochijson2">>,
  {git,"git://github.com/bjnortier/mochijson2.git",
       {ref,"3663fb01fd98958181adc2d1300c7bfa553e1434"}},
  0},
 {<<"nitrogen_core">>,
  {git,"git://github.com/SovereignPrime/nitrogen_core",
       {ref,"535a4319e55a8a3f125ae4b7bd0c166e7d602a3c"}},
  0},
 {<<"nprocreg">>,
  {git,"git://github.com/nitrogen/nprocreg",
       {ref,"d022d52f4faa946d4092b2bca1a3de62b494c0fd"}},
  0},
 {<<"ranch">>,{pkg,<<"ranch">>,<<"1.0.0">>},0},
 {<<"sigma_search">>,
  {git,"git://github.com/SovereignPrime/sigma_search.git",
       {ref,"67bd448e6fd4581b364f1cb05c9ef59cd5946236"}},
  0},
 {<<"simple_bridge">>,
  {git,"git://github.com/SovereignPrime/simple_bridge",
       {ref,"55270976ce3cf20482a0428972a89b735171f380"}},
  0},
 {<<"sync">>,
  {git,"git://github.com/rustyio/sync",
       {ref,"a8366be73244383c07f9cafe30b72e83f3ad0621"}},
  0}].
